dependencies:
  idf:
    source:
      type: idf
    version: 5.5.4
  lvgl/lvgl:
    component_hash: 184e532558c1c45fefed631f3e235423d22582aafb4630f3e8885c35281a49ae
    dependencies: []
    source:
      registry_url: https://components.espressif.com/
      type: service
    version: 9.5.0
direct_dependencies:
- idf
- lvgl/lvgl
manifest_hash: 47cbd08d21d41c6390c99e463e9a778e0c82982423256426ae04e44d632b1ad7
target: esp32
version: 2.0.0
